
Microsoft Visual Studio Solution File, Format Version 12.00
# Visual Studio Version 17
VisualStudioVersion = 17.0.31903.59
MinimumVisualStudioVersion = 10.0.40219.1
Project("{FAE04EC0-301F-11D3-BF4B-00C04F79EFBC}") = "Restaurant", "Restaurant\Restaurant.csproj", "{7A1F2AC7-FD59-4C9A-B092-A1D25BA34ACF}"
EndProject
Project("{FAE04EC0-301F-11D3-BF4B-00C04F79EFBC}") = "RestaurantTests", "RestaurantTests\RestaurantTests.csproj", "{6BBD2B33-6424-468B-9A02-CAEC1ACA769C}"
EndProject
Global
	GlobalSection(SolutionConfigurationPlatforms) = preSolution
		Debug|Any CPU = Debug|Any CPU
		Release|Any CPU = Release|Any CPU
	EndGlobalSection
	GlobalSection(SolutionProperties) = preSolution
		HideSolutionNode = FALSE
	EndGlobalSection
	GlobalSection(ProjectConfigurationPlatforms) = postSolution
		{7A1F2AC7-FD59-4C9A-B092-A1D25BA34ACF}.Debug|Any CPU.ActiveCfg = Debug|Any CPU
		{7A1F2AC7-FD59-4C9A-B092-A1D25BA34ACF}.Debug|Any CPU.Build.0 = Debug|Any CPU
		{7A1F2AC7-FD59-4C9A-B092-A1D25BA34ACF}.Release|Any CPU.ActiveCfg = Release|Any CPU
		{7A1F2AC7-FD59-4C9A-B092-A1D25BA34ACF}.Release|Any CPU.Build.0 = Release|Any CPU
		{BDDCE19D-3014-4B2E-9FF5-B1E5D7CF925E}.Debug|Any CPU.ActiveCfg = Debug|Any CPU
		{BDDCE19D-3014-4B2E-9FF5-B1E5D7CF925E}.Debug|Any CPU.Build.0 = Debug|Any CPU
		{BDDCE19D-3014-4B2E-9FF5-B1E5D7CF925E}.Release|Any CPU.ActiveCfg = Release|Any CPU
		{BDDCE19D-3014-4B2E-9FF5-B1E5D7CF925E}.Release|Any CPU.Build.0 = Release|Any CPU
	EndGlobalSection
EndGlobal
